// !$*UTF8*$!
{
	archiveVersion = 1;
	classes = {
	};
	objectVersion = 77;
	objects = {

/* Begin PBXBuildFile section */
		05D0E8ABA135DFE049D5526E /* Zamanlayici.swift in Sources */ = {isa = PBXBuildFile; fileRef = 6B6C1FEBED789128A96986BD /* Zamanlayici.swift */; };
		0648FA3C7634D28C9BFAE727 /* SoruKirma.swift in Sources */ = {isa = PBXBuildFile; fileRef = 6F573BAADAD95330AF87E771 /* SoruKirma.swift */; };
		09EF829A3A1676141CAA6BB8 /* LevhaLint.swift in Sources */ = {isa = PBXBuildFile; fileRef = 086ED309033F9C4E76B79FB7 /* LevhaLint.swift */; };
		0D9766ED24E340736416D43E /* TurPlanlayici.swift in Sources */ = {isa = PBXBuildFile; fileRef = EF42B1F60D3AE27B7D52CF8E /* TurPlanlayici.swift */; };
		13F2208ACD3F92398912DF93 /* BugunView.swift in Sources */ = {isa = PBXBuildFile; fileRef = 45F4D6118D8C13D134D6152C /* BugunView.swift */; };
		1569E9EC42A7B49AD2E0C6F0 /* OnDenetim.swift in Sources */ = {isa = PBXBuildFile; fileRef = DA78747C925C834ED330B051 /* OnDenetim.swift */; };
		1A0ADBDDE848DA9B1BD263AD /* SayfaEsleme.swift in Sources */ = {isa = PBXBuildFile; fileRef = 013FBA3774D2D66BE16E83CC /* SayfaEsleme.swift */; };
		1C202F1EC93C8137B93EFFCC /* YukTesti.swift in Sources */ = {isa = PBXBuildFile; fileRef = AD5421DE95CBFEE139146D87 /* YukTesti.swift */; };
		2983308B0B69A38B605458E2 /* PaketIceAktarici.swift in Sources */ = {isa = PBXBuildFile; fileRef = E7166D37488535310D59C4C4 /* PaketIceAktarici.swift */; };
		2C2CFA00BC13981F0C4238E6 /* SoruSekmesi.swift in Sources */ = {isa = PBXBuildFile; fileRef = 4F99F7E86FB66DA117A52AE2 /* SoruSekmesi.swift */; };
		31324DCE698D094743F49A6C /* MetinCanvas.swift in Sources */ = {isa = PBXBuildFile; fileRef = 621FC1F41065302904BA9900 /* MetinCanvas.swift */; };
		34770AC66A750BF48566BF49 /* LevhaApp.swift in Sources */ = {isa = PBXBuildFile; fileRef = A2CA3710B6CDF93370CFF39A /* LevhaApp.swift */; };
		352508771227D68FB0389EE9 /* SayiCetveliCanvas.swift in Sources */ = {isa = PBXBuildFile; fileRef = CC1C080CA23A06025BC7E618 /* SayiCetveliCanvas.swift */; };
		37FCDEAF4299A175C2BDD6DE /* KitapSayfasiView.swift in Sources */ = {isa = PBXBuildFile; fileRef = 2F5DA0EA6C50CE8DEBC5256F /* KitapSayfasiView.swift */; };
		3DC4D0A91A82CE27F01A716F /* Tema.swift in Sources */ = {isa = PBXBuildFile; fileRef = 59EDB97EBA134790E87609A8 /* Tema.swift */; };
		417259EC431D95C34EA14CCD /* ped.kvs.konjenital.json in Resources */ = {isa = PBXBuildFile; fileRef = D5E494BA459238FB01D5FDC9 /* ped.kvs.konjenital.json */; };
		50B156DC2F4034CFE418B76F /* MiniSinavView.swift in Sources */ = {isa = PBXBuildFile; fileRef = C2822FA08B432A896E77C715 /* MiniSinavView.swift */; };
		57E728F0A20D087DF94A5727 /* ped.gelisim.basamaklar.json in Resources */ = {isa = PBXBuildFile; fileRef = 40998F95F591DFABF199A29F /* ped.gelisim.basamaklar.json */; };
		596AA9CEAD5F2D3CB49FBFB1 /* test-sayfa.jpg in Resources */ = {isa = PBXBuildFile; fileRef = 084A9CC55A6EC5FAB1866D02 /* test-sayfa.jpg */; };
		6053A7CF885BF074B4085DBA /* LevhaWidget.appex in Embed Foundation Extensions */ = {isa = PBXBuildFile; fileRef = 21F363D4A911AEDCC1AFD2CE /* LevhaWidget.appex */; settings = {ATTRIBUTES = (RemoveHeadersOnCopy, ); }; };
		669A6DA4A6607EF00CF154DE /* MatrisCanvas.swift in Sources */ = {isa = PBXBuildFile; fileRef = E61EC349922B1B554B91E686 /* MatrisCanvas.swift */; };
		680D6DDB8E482071DA34A514 /* WidgetAnligi.swift in Sources */ = {isa = PBXBuildFile; fileRef = 409DE73E3CB9BED57BFC7016 /* WidgetAnligi.swift */; };
		68C82C041DDABA30AF7556D7 /* WidgetYazici.swift in Sources */ = {isa = PBXBuildFile; fileRef = C143DB61B127476FDB5629ED /* WidgetYazici.swift */; };
		6D025E65A61E21476AD4284E /* LLMIstemci.swift in Sources */ = {isa = PBXBuildFile; fileRef = A4B1FB0662B508079C64037A /* LLMIstemci.swift */; };
		6EF80E4A37832B2584CE529F /* IstemSablonlari.swift in Sources */ = {isa = PBXBuildFile; fileRef = D36DD5E84B3952EC9E1EB613 /* IstemSablonlari.swift */; };
		72F0335B8818D559582DB2F4 /* WidgetAnligi.swift in Sources */ = {isa = PBXBuildFile; fileRef = 409DE73E3CB9BED57BFC7016 /* WidgetAnligi.swift */; };
		754A3CC73267CAB15CDA89AF /* LevhaView.swift in Sources */ = {isa = PBXBuildFile; fileRef = F716D6E9B946B2EF159301A9 /* LevhaView.swift */; };
		7B4175F839595F2EC7A7DA59 /* LevhaSekmesi.swift in Sources */ = {isa = PBXBuildFile; fileRef = CB02A4F90DF7C1F5FF068CAE /* LevhaSekmesi.swift */; };
		7E36CE3945EF7D2C78227028 /* Olcum.swift in Sources */ = {isa = PBXBuildFile; fileRef = 433AD47340121EC0D6526DCD /* Olcum.swift */; };
		808FB0E6FCE9E3E76B1890CF /* SinavHesabi.swift in Sources */ = {isa = PBXBuildFile; fileRef = 778708FB0427FA25ADD7B333 /* SinavHesabi.swift */; };
		83AB9BA0B29663CEBB366572 /* MutasyonMotoru.swift in Sources */ = {isa = PBXBuildFile; fileRef = 6166F540F476431B204B3338 /* MutasyonMotoru.swift */; };
		883D8BE9AE161898B95CB3E6 /* AyarlarView.swift in Sources */ = {isa = PBXBuildFile; fileRef = A0E116B49B79CE0B5262C231 /* AyarlarView.swift */; };
		88C5D5C74FB9F5BFFE07F2F2 /* VucutHaritasiCanvas.swift in Sources */ = {isa = PBXBuildFile; fileRef = 811A8EBF71FA4A0405DF0D9B /* VucutHaritasiCanvas.swift */; };
		8A24682A56DFFCBB485D59D3 /* ped.neo.sarilik.json in Resources */ = {isa = PBXBuildFile; fileRef = 19EBA0CC81EDDC85B29BA6C3 /* ped.neo.sarilik.json */; };
		8EBAC27DEAA6A7899017F24B /* YolakCanvas.swift in Sources */ = {isa = PBXBuildFile; fileRef = 494154ADEAE87EA1EBA3F574 /* YolakCanvas.swift */; };
		90BB7FFCFCC39263C9234EC0 /* ZipArsiv.swift in Sources */ = {isa = PBXBuildFile; fileRef = 987120FC769E7711F5E53F04 /* ZipArsiv.swift */; };
		931C01F0D9AD353FE12A7631 /* PaketKlasoru.swift in Sources */ = {isa = PBXBuildFile; fileRef = 70CC0C0F2C9F79BC1A64D32B /* PaketKlasoru.swift */; };
		9C50E8C00FD7D35644639805 /* AgacCanvas.swift in Sources */ = {isa = PBXBuildFile; fileRef = 9BD09716B8168356C1C895CA /* AgacCanvas.swift */; };
		A6036F87446C23A361BF73A2 /* ZamanCizelgesiCanvas.swift in Sources */ = {isa = PBXBuildFile; fileRef = 802B9DA6F68ADAFC00D38373 /* ZamanCizelgesiCanvas.swift */; };
		A84D45A0F9D760D391330444 /* SorView.swift in Sources */ = {isa = PBXBuildFile; fileRef = 099D80DCA2345F9F0063DB78 /* SorView.swift */; };
		B054F71E7FDBF7C48B4E3C3B /* OlcumSekmesi.swift in Sources */ = {isa = PBXBuildFile; fileRef = 8E32DDBC78C4FDBF667ECC00 /* OlcumSekmesi.swift */; };
		B4AA24829EBAA203D75E5437 /* YedekServisi.swift in Sources */ = {isa = PBXBuildFile; fileRef = B3DBE03BC309B86294DCF6AD /* YedekServisi.swift */; };
		B77F455ED5FFBF9E024F6534 /* OpenAIUyumluIstemci.swift in Sources */ = {isa = PBXBuildFile; fileRef = 22DA18B3EDFBE3B0F6DE3B92 /* OpenAIUyumluIstemci.swift */; };
		BA5EB838BA319A6505B7639A /* AlgoritmaCanvas.swift in Sources */ = {isa = PBXBuildFile; fileRef = 9CE64A650C4187FA0543E953 /* AlgoritmaCanvas.swift */; };
		BB9DC9CB41F1FA610C1809EA /* EditorView.swift in Sources */ = {isa = PBXBuildFile; fileRef = 31CB7F04C0D5999C897C24D8 /* EditorView.swift */; };
		BFD1692131268E18DBC36BBE /* LevhaIntent.swift in Sources */ = {isa = PBXBuildFile; fileRef = 0038D202E41636524C234AA0 /* LevhaIntent.swift */; };
		CDFC2ABA1DA9470FC73A495A /* SinavAyarlari.swift in Sources */ = {isa = PBXBuildFile; fileRef = 90EFA8DA9E83BE40FEDC5C81 /* SinavAyarlari.swift */; };
		D33539BC10CF53B68D437638 /* TaslakServisi.swift in Sources */ = {isa = PBXBuildFile; fileRef = 1EB58A309480E4211C34BF1D /* TaslakServisi.swift */; };
		D3FB2BDEE6FB562ABDB5C90F /* ABDeneyi.swift in Sources */ = {isa = PBXBuildFile; fileRef = 0E888909D62ADE97E4AB1705 /* ABDeneyi.swift */; };
		D7F8A246FC726D3660B2ADC2 /* RootView.swift in Sources */ = {isa = PBXBuildFile; fileRef = D98253F4DA2FF23305BD4055 /* RootView.swift */; };
		DBFBBDDABF85CF59D633534A /* ped.genetik.sendromlar.json in Resources */ = {isa = PBXBuildFile; fileRef = 6F1A57C8EE4B37453C7F99D2 /* ped.genetik.sendromlar.json */; };
		E15646FE45C798225837AF3B /* LevhaWidget.swift in Sources */ = {isa = PBXBuildFile; fileRef = E0A4234C240560F49064E244 /* LevhaWidget.swift */; };
		E2B20C1A391FF8DB1DE220CC /* Genisletme.swift in Sources */ = {isa = PBXBuildFile; fileRef = 84C18FA3905633F9EB6C402B /* Genisletme.swift */; };
		F27D94B590330EB76CCEA912 /* LevhaSayfasi.swift in Sources */ = {isa = PBXBuildFile; fileRef = AD3A7B37CF15C73C0302EBCA /* LevhaSayfasi.swift */; };
		F2BADEDCC7BBE8C729A6C771 /* IcerikView.swift in Sources */ = {isa = PBXBuildFile; fileRef = 07E43DE18A1811513A80BEE6 /* IcerikView.swift */; };
		F2EF42D01F36F5F25976EEFA /* Models.swift in Sources */ = {isa = PBXBuildFile; fileRef = A326F20B205747EC2F1137A7 /* Models.swift */; };
		F3D94ED479DB1F040E9A649E /* Yonlendirici.swift in Sources */ = {isa = PBXBuildFile; fileRef = 9DE1BB4F7937E2DC72FAD00D /* Yonlendirici.swift */; };
		F414DB3DA825B5D7C35837C9 /* Assets.xcassets in Resources */ = {isa = PBXBuildFile; fileRef = B2A81C8A5593C98DD2586E5D /* Assets.xcassets */; };
		F6BD79AB7BABDF9EF9864FC9 /* IpucuAvi.swift in Sources */ = {isa = PBXBuildFile; fileRef = EAE7AA1D13512B30296E2697 /* IpucuAvi.swift */; };
		F97BF840A622E1FFA96C9AAE /* PaketJSON.swift in Sources */ = {isa = PBXBuildFile; fileRef = B6B7A6ED05001662CB8BBFF9 /* PaketJSON.swift */; };
		FB1C1ECACE872C37FEAC17C1 /* DurumServisi.swift in Sources */ = {isa = PBXBuildFile; fileRef = D67DD527696E80612D86A2C7 /* DurumServisi.swift */; };
		FD826B0591B44E3C1D49F37A /* OlcumOzeti.swift in Sources */ = {isa = PBXBuildFile; fileRef = 344B24F13E47003211A55CD0 /* OlcumOzeti.swift */; };
/* End PBXBuildFile section */

/* Begin PBXContainerItemProxy section */
		24D9F6A82FE5E25C12270B83 /* PBXContainerItemProxy */ = {
			isa = PBXContainerItemProxy;
			containerPortal = 98D499308CECAE04D35D505A /* Project object */;
			proxyType = 1;
			remoteGlobalIDString = 5E664290B51FA0DCA834D637;
			remoteInfo = LevhaWidget;
		};
/* End PBXContainerItemProxy section */

/* Begin PBXCopyFilesBuildPhase section */
		2D53B669914062D5EDFFB69F /* Embed Foundation Extensions */ = {
			isa = PBXCopyFilesBuildPhase;
			buildActionMask = 2147483647;
			dstPath = "";
			dstSubfolderSpec = 13;
			files = (
				6053A7CF885BF074B4085DBA /* LevhaWidget.appex in Embed Foundation Extensions */,
			);
			name = "Embed Foundation Extensions";
			runOnlyForDeploymentPostprocessing = 0;
		};
/* End PBXCopyFilesBuildPhase section */

/* Begin PBXFileReference section */
		0038D202E41636524C234AA0 /* LevhaIntent.swift */ = {isa = PBXFileReference; lastKnownFileType = sourcecode.swift; path = LevhaIntent.swift; sourceTree = "<group>"; };
		013FBA3774D2D66BE16E83CC /* SayfaEsleme.swift */ = {isa = PBXFileReference; lastKnownFileType = sourcecode.swift; path = SayfaEsleme.swift; sourceTree = "<group>"; };
		07E43DE18A1811513A80BEE6 /* IcerikView.swift */ = {isa = PBXFileReference; lastKnownFileType = sourcecode.swift; path = IcerikView.swift; sourceTree = "<group>"; };
		084A9CC55A6EC5FAB1866D02 /* test-sayfa.jpg */ = {isa = PBXFileReference; lastKnownFileType = image.jpeg; path = "test-sayfa.jpg"; sourceTree = "<group>"; };
		086ED309033F9C4E76B79FB7 /* LevhaLint.swift */ = {isa = PBXFileReference; lastKnownFileType = sourcecode.swift; path = LevhaLint.swift; sourceTree = "<group>"; };
		099D80DCA2345F9F0063DB78 /* SorView.swift */ = {isa = PBXFileReference; lastKnownFileType = sourcecode.swift; path = SorView.swift; sourceTree = "<group>"; };
		0E888909D62ADE97E4AB1705 /* ABDeneyi.swift */ = {isa = PBXFileReference; lastKnownFileType = sourcecode.swift; path = ABDeneyi.swift; sourceTree = "<group>"; };
		137C076024A6FC661EE11417 /* LevhaWidget.entitlements */ = {isa = PBXFileReference; lastKnownFileType = text.plist.entitlements; path = LevhaWidget.entitlements; sourceTree = "<group>"; };
		19EBA0CC81EDDC85B29BA6C3 /* ped.neo.sarilik.json */ = {isa = PBXFileReference; lastKnownFileType = text.json; path = ped.neo.sarilik.json; sourceTree = "<group>"; };
		1B9E095526CF4AC8087B9AEE /* Info.plist */ = {isa = PBXFileReference; lastKnownFileType = text.plist; path = Info.plist; sourceTree = "<group>"; };
		1EB58A309480E4211C34BF1D /* TaslakServisi.swift */ = {isa = PBXFileReference; lastKnownFileType = sourcecode.swift; path = TaslakServisi.swift; sourceTree = "<group>"; };
		21F363D4A911AEDCC1AFD2CE /* LevhaWidget.appex */ = {isa = PBXFileReference; includeInIndex = 0; lastKnownFileType = "wrapper.app-extension"; path = LevhaWidget.appex; sourceTree = BUILT_PRODUCTS_DIR; };
		22DA18B3EDFBE3B0F6DE3B92 /* OpenAIUyumluIstemci.swift */ = {isa = PBXFileReference; lastKnownFileType = sourcecode.swift; path = OpenAIUyumluIstemci.swift; sourceTree = "<group>"; };
		2F5DA0EA6C50CE8DEBC5256F /* KitapSayfasiView.swift */ = {isa = PBXFileReference; lastKnownFileType = sourcecode.swift; path = KitapSayfasiView.swift; sourceTree = "<group>"; };
		31CB7F04C0D5999C897C24D8 /* EditorView.swift */ = {isa = PBXFileReference; lastKnownFileType = sourcecode.swift; path = EditorView.swift; sourceTree = "<group>"; };
		344B24F13E47003211A55CD0 /* OlcumOzeti.swift */ = {isa = PBXFileReference; lastKnownFileType = sourcecode.swift; path = OlcumOzeti.swift; sourceTree = "<group>"; };
		40998F95F591DFABF199A29F /* ped.gelisim.basamaklar.json */ = {isa = PBXFileReference; lastKnownFileType = text.json; path = ped.gelisim.basamaklar.json; sourceTree = "<group>"; };
		409DE73E3CB9BED57BFC7016 /* WidgetAnligi.swift */ = {isa = PBXFileReference; lastKnownFileType = sourcecode.swift; path = WidgetAnligi.swift; sourceTree = "<group>"; };
		433AD47340121EC0D6526DCD /* Olcum.swift */ = {isa = PBXFileReference; lastKnownFileType = sourcecode.swift; path = Olcum.swift; sourceTree = "<group>"; };
		45F4D6118D8C13D134D6152C /* BugunView.swift */ = {isa = PBXFileReference; lastKnownFileType = sourcecode.swift; path = BugunView.swift; sourceTree = "<group>"; };
		494154ADEAE87EA1EBA3F574 /* YolakCanvas.swift */ = {isa = PBXFileReference; lastKnownFileType = sourcecode.swift; path = YolakCanvas.swift; sourceTree = "<group>"; };
		4CA47953E105A8D79B76C5E3 /* Levha.entitlements */ = {isa = PBXFileReference; lastKnownFileType = text.plist.entitlements; path = Levha.entitlements; sourceTree = "<group>"; };
		4F99F7E86FB66DA117A52AE2 /* SoruSekmesi.swift */ = {isa = PBXFileReference; lastKnownFileType = sourcecode.swift; path = SoruSekmesi.swift; sourceTree = "<group>"; };
		59EDB97EBA134790E87609A8 /* Tema.swift */ = {isa = PBXFileReference; lastKnownFileType = sourcecode.swift; path = Tema.swift; sourceTree = "<group>"; };
		6166F540F476431B204B3338 /* MutasyonMotoru.swift */ = {isa = PBXFileReference; lastKnownFileType = sourcecode.swift; path = MutasyonMotoru.swift; sourceTree = "<group>"; };
		621FC1F41065302904BA9900 /* MetinCanvas.swift */ = {isa = PBXFileReference; lastKnownFileType = sourcecode.swift; path = MetinCanvas.swift; sourceTree = "<group>"; };
		6B6C1FEBED789128A96986BD /* Zamanlayici.swift */ = {isa = PBXFileReference; lastKnownFileType = sourcecode.swift; path = Zamanlayici.swift; sourceTree = "<group>"; };
		6F1A57C8EE4B37453C7F99D2 /* ped.genetik.sendromlar.json */ = {isa = PBXFileReference; lastKnownFileType = text.json; path = ped.genetik.sendromlar.json; sourceTree = "<group>"; };
		6F573BAADAD95330AF87E771 /* SoruKirma.swift */ = {isa = PBXFileReference; lastKnownFileType = sourcecode.swift; path = SoruKirma.swift; sourceTree = "<group>"; };
		70CC0C0F2C9F79BC1A64D32B /* PaketKlasoru.swift */ = {isa = PBXFileReference; lastKnownFileType = sourcecode.swift; path = PaketKlasoru.swift; sourceTree = "<group>"; };
		778708FB0427FA25ADD7B333 /* SinavHesabi.swift */ = {isa = PBXFileReference; lastKnownFileType = sourcecode.swift; path = SinavHesabi.swift; sourceTree = "<group>"; };
		802B9DA6F68ADAFC00D38373 /* ZamanCizelgesiCanvas.swift */ = {isa = PBXFileReference; lastKnownFileType = sourcecode.swift; path = ZamanCizelgesiCanvas.swift; sourceTree = "<group>"; };
		811A8EBF71FA4A0405DF0D9B /* VucutHaritasiCanvas.swift */ = {isa = PBXFileReference; lastKnownFileType = sourcecode.swift; path = VucutHaritasiCanvas.swift; sourceTree = "<group>"; };
		84C18FA3905633F9EB6C402B /* Genisletme.swift */ = {isa = PBXFileReference; lastKnownFileType = sourcecode.swift; path = Genisletme.swift; sourceTree = "<group>"; };
		8D9BBD186F0B3E41894E7DED /* Info.plist */ = {isa = PBXFileReference; lastKnownFileType = text.plist; path = Info.plist; sourceTree = "<group>"; };
		8E32DDBC78C4FDBF667ECC00 /* OlcumSekmesi.swift */ = {isa = PBXFileReference; lastKnownFileType = sourcecode.swift; path = OlcumSekmesi.swift; sourceTree = "<group>"; };
		90EFA8DA9E83BE40FEDC5C81 /* SinavAyarlari.swift */ = {isa = PBXFileReference; lastKnownFileType = sourcecode.swift; path = SinavAyarlari.swift; sourceTree = "<group>"; };
		987120FC769E7711F5E53F04 /* ZipArsiv.swift */ = {isa = PBXFileReference; lastKnownFileType = sourcecode.swift; path = ZipArsiv.swift; sourceTree = "<group>"; };
		9BD09716B8168356C1C895CA /* AgacCanvas.swift */ = {isa = PBXFileReference; lastKnownFileType = sourcecode.swift; path = AgacCanvas.swift; sourceTree = "<group>"; };
		9CE64A650C4187FA0543E953 /* AlgoritmaCanvas.swift */ = {isa = PBXFileReference; lastKnownFileType = sourcecode.swift; path = AlgoritmaCanvas.swift; sourceTree = "<group>"; };
		9DE1BB4F7937E2DC72FAD00D /* Yonlendirici.swift */ = {isa = PBXFileReference; lastKnownFileType = sourcecode.swift; path = Yonlendirici.swift; sourceTree = "<group>"; };
		A0E116B49B79CE0B5262C231 /* AyarlarView.swift */ = {isa = PBXFileReference; lastKnownFileType = sourcecode.swift; path = AyarlarView.swift; sourceTree = "<group>"; };
		A2CA3710B6CDF93370CFF39A /* LevhaApp.swift */ = {isa = PBXFileReference; lastKnownFileType = sourcecode.swift; path = LevhaApp.swift; sourceTree = "<group>"; };
		A326F20B205747EC2F1137A7 /* Models.swift */ = {isa = PBXFileReference; lastKnownFileType = sourcecode.swift; path = Models.swift; sourceTree = "<group>"; };
		A4B1FB0662B508079C64037A /* LLMIstemci.swift */ = {isa = PBXFileReference; lastKnownFileType = sourcecode.swift; path = LLMIstemci.swift; sourceTree = "<group>"; };
		AD3A7B37CF15C73C0302EBCA /* LevhaSayfasi.swift */ = {isa = PBXFileReference; lastKnownFileType = sourcecode.swift; path = LevhaSayfasi.swift; sourceTree = "<group>"; };
		AD5421DE95CBFEE139146D87 /* YukTesti.swift */ = {isa = PBXFileReference; lastKnownFileType = sourcecode.swift; path = YukTesti.swift; sourceTree = "<group>"; };
		B2A81C8A5593C98DD2586E5D /* Assets.xcassets */ = {isa = PBXFileReference; lastKnownFileType = folder.assetcatalog; path = Assets.xcassets; sourceTree = "<group>"; };
		B3DBE03BC309B86294DCF6AD /* YedekServisi.swift */ = {isa = PBXFileReference; lastKnownFileType = sourcecode.swift; path = YedekServisi.swift; sourceTree = "<group>"; };
		B6B7A6ED05001662CB8BBFF9 /* PaketJSON.swift */ = {isa = PBXFileReference; lastKnownFileType = sourcecode.swift; path = PaketJSON.swift; sourceTree = "<group>"; };
		C143DB61B127476FDB5629ED /* WidgetYazici.swift */ = {isa = PBXFileReference; lastKnownFileType = sourcecode.swift; path = WidgetYazici.swift; sourceTree = "<group>"; };
		C2822FA08B432A896E77C715 /* MiniSinavView.swift */ = {isa = PBXFileReference; lastKnownFileType = sourcecode.swift; path = MiniSinavView.swift; sourceTree = "<group>"; };
		CB02A4F90DF7C1F5FF068CAE /* LevhaSekmesi.swift */ = {isa = PBXFileReference; lastKnownFileType = sourcecode.swift; path = LevhaSekmesi.swift; sourceTree = "<group>"; };
		CC1C080CA23A06025BC7E618 /* SayiCetveliCanvas.swift */ = {isa = PBXFileReference; lastKnownFileType = sourcecode.swift; path = SayiCetveliCanvas.swift; sourceTree = "<group>"; };
		D36DD5E84B3952EC9E1EB613 /* IstemSablonlari.swift */ = {isa = PBXFileReference; lastKnownFileType = sourcecode.swift; path = IstemSablonlari.swift; sourceTree = "<group>"; };
		D5E494BA459238FB01D5FDC9 /* ped.kvs.konjenital.json */ = {isa = PBXFileReference; lastKnownFileType = text.json; path = ped.kvs.konjenital.json; sourceTree = "<group>"; };
		D67DD527696E80612D86A2C7 /* DurumServisi.swift */ = {isa = PBXFileReference; lastKnownFileType = sourcecode.swift; path = DurumServisi.swift; sourceTree = "<group>"; };
		D98253F4DA2FF23305BD4055 /* RootView.swift */ = {isa = PBXFileReference; lastKnownFileType = sourcecode.swift; path = RootView.swift; sourceTree = "<group>"; };
		DA78747C925C834ED330B051 /* OnDenetim.swift */ = {isa = PBXFileReference; lastKnownFileType = sourcecode.swift; path = OnDenetim.swift; sourceTree = "<group>"; };
		DEFB666D6D5A13D20D7B9425 /* Levha.app */ = {isa = PBXFileReference; includeInIndex = 0; lastKnownFileType = wrapper.application; path = Levha.app; sourceTree = BUILT_PRODUCTS_DIR; };
		E0A4234C240560F49064E244 /* LevhaWidget.swift */ = {isa = PBXFileReference; lastKnownFileType = sourcecode.swift; path = LevhaWidget.swift; sourceTree = "<group>"; };
		E61EC349922B1B554B91E686 /* MatrisCanvas.swift */ = {isa = PBXFileReference; lastKnownFileType = sourcecode.swift; path = MatrisCanvas.swift; sourceTree = "<group>"; };
		E7166D37488535310D59C4C4 /* PaketIceAktarici.swift */ = {isa = PBXFileReference; lastKnownFileType = sourcecode.swift; path = PaketIceAktarici.swift; sourceTree = "<group>"; };
		EAE7AA1D13512B30296E2697 /* IpucuAvi.swift */ = {isa = PBXFileReference; lastKnownFileType = sourcecode.swift; path = IpucuAvi.swift; sourceTree = "<group>"; };
		EF42B1F60D3AE27B7D52CF8E /* TurPlanlayici.swift */ = {isa = PBXFileReference; lastKnownFileType = sourcecode.swift; path = TurPlanlayici.swift; sourceTree = "<group>"; };
		F716D6E9B946B2EF159301A9 /* LevhaView.swift */ = {isa = PBXFileReference; lastKnownFileType = sourcecode.swift; path = LevhaView.swift; sourceTree = "<group>"; };
/* End PBXFileReference section */

/* Begin PBXGroup section */
		059CE33E9BAB5FF624129FC0 /* Products */ = {
			isa = PBXGroup;
			children = (
				DEFB666D6D5A13D20D7B9425 /* Levha.app */,
				21F363D4A911AEDCC1AFD2CE /* LevhaWidget.appex */,
			);
			name = Products;
			sourceTree = "<group>";
		};
		06C8C38336D972289F047428 = {
			isa = PBXGroup;
			children = (
				6CB8ED8E682818C619135220 /* Levha */,
				56AD13575484FA1BC15D9D47 /* LevhaWidget */,
				F4C6842CE949873777F05740 /* Ortak */,
				8A88951CD00261A9E9D49F41 /* SamplePackages */,
				FDE5FCD9B426B2B7AA4AC950 /* Tools */,
				059CE33E9BAB5FF624129FC0 /* Products */,
			);
			sourceTree = "<group>";
		};
		1359D12CBA7B1B88AD263CEF /* Design */ = {
			isa = PBXGroup;
			children = (
				59EDB97EBA134790E87609A8 /* Tema.swift */,
			);
			path = Design;
			sourceTree = "<group>";
		};
		1583CFF03B2FFEE169CDD40A /* Models */ = {
			isa = PBXGroup;
			children = (
				A326F20B205747EC2F1137A7 /* Models.swift */,
				90EFA8DA9E83BE40FEDC5C81 /* SinavAyarlari.swift */,
			);
			path = Models;
			sourceTree = "<group>";
		};
		175C4194059764A449B5C542 /* LevhaSema */ = {
			isa = PBXGroup;
			children = (
				84C18FA3905633F9EB6C402B /* Genisletme.swift */,
				086ED309033F9C4E76B79FB7 /* LevhaLint.swift */,
				B6B7A6ED05001662CB8BBFF9 /* PaketJSON.swift */,
			);
			path = LevhaSema;
			sourceTree = "<group>";
		};
		2DB22904BA10DB5DA13D4FFB /* Import */ = {
			isa = PBXGroup;
			children = (
				0E888909D62ADE97E4AB1705 /* ABDeneyi.swift */,
				D67DD527696E80612D86A2C7 /* DurumServisi.swift */,
				344B24F13E47003211A55CD0 /* OlcumOzeti.swift */,
				E7166D37488535310D59C4C4 /* PaketIceAktarici.swift */,
				70CC0C0F2C9F79BC1A64D32B /* PaketKlasoru.swift */,
				1EB58A309480E4211C34BF1D /* TaslakServisi.swift */,
				EF42B1F60D3AE27B7D52CF8E /* TurPlanlayici.swift */,
				C143DB61B127476FDB5629ED /* WidgetYazici.swift */,
				B3DBE03BC309B86294DCF6AD /* YedekServisi.swift */,
				AD5421DE95CBFEE139146D87 /* YukTesti.swift */,
				987120FC769E7711F5E53F04 /* ZipArsiv.swift */,
			);
			path = Import;
			sourceTree = "<group>";
		};
		2FE4579B9DD7A70061EC1C34 /* levha-lint */ = {
			isa = PBXGroup;
			children = (
				ABA15E3FB24279D1928FCAD7 /* Sources */,
			);
			path = "levha-lint";
			sourceTree = "<group>";
		};
		56AD13575484FA1BC15D9D47 /* LevhaWidget */ = {
			isa = PBXGroup;
			children = (
				1B9E095526CF4AC8087B9AEE /* Info.plist */,
				137C076024A6FC661EE11417 /* LevhaWidget.entitlements */,
				E0A4234C240560F49064E244 /* LevhaWidget.swift */,
			);
			path = LevhaWidget;
			sourceTree = "<group>";
		};
		6CB8ED8E682818C619135220 /* Levha */ = {
			isa = PBXGroup;
			children = (
				B2A81C8A5593C98DD2586E5D /* Assets.xcassets */,
				8D9BBD186F0B3E41894E7DED /* Info.plist */,
				4CA47953E105A8D79B76C5E3 /* Levha.entitlements */,
				A2CA3710B6CDF93370CFF39A /* LevhaApp.swift */,
				1359D12CBA7B1B88AD263CEF /* Design */,
				2DB22904BA10DB5DA13D4FFB /* Import */,
				B1255D5BDB1723B14ED9651D /* LLM */,
				1583CFF03B2FFEE169CDD40A /* Models */,
				74EE66AAF083D70EC8DDE051 /* Render */,
				AF08E46FDD2BACBC8E450C6E /* Screens */,
			);
			path = Levha;
			sourceTree = "<group>";
		};
		74EE66AAF083D70EC8DDE051 /* Render */ = {
			isa = PBXGroup;
			children = (
				9BD09716B8168356C1C895CA /* AgacCanvas.swift */,
				9CE64A650C4187FA0543E953 /* AlgoritmaCanvas.swift */,
				F716D6E9B946B2EF159301A9 /* LevhaView.swift */,
				E61EC349922B1B554B91E686 /* MatrisCanvas.swift */,
				621FC1F41065302904BA9900 /* MetinCanvas.swift */,
				6166F540F476431B204B3338 /* MutasyonMotoru.swift */,
				CC1C080CA23A06025BC7E618 /* SayiCetveliCanvas.swift */,
				811A8EBF71FA4A0405DF0D9B /* VucutHaritasiCanvas.swift */,
				494154ADEAE87EA1EBA3F574 /* YolakCanvas.swift */,
				802B9DA6F68ADAFC00D38373 /* ZamanCizelgesiCanvas.swift */,
			);
			path = Render;
			sourceTree = "<group>";
		};
		8A88951CD00261A9E9D49F41 /* SamplePackages */ = {
			isa = PBXGroup;
			children = (
				40998F95F591DFABF199A29F /* ped.gelisim.basamaklar.json */,
				6F1A57C8EE4B37453C7F99D2 /* ped.genetik.sendromlar.json */,
				D5E494BA459238FB01D5FDC9 /* ped.kvs.konjenital.json */,
				19EBA0CC81EDDC85B29BA6C3 /* ped.neo.sarilik.json */,
				084A9CC55A6EC5FAB1866D02 /* test-sayfa.jpg */,
			);
			path = SamplePackages;
			sourceTree = "<group>";
		};
		ABA15E3FB24279D1928FCAD7 /* Sources */ = {
			isa = PBXGroup;
			children = (
				D318699D81A577F2DAFC0E9A /* LevhaCekirdek */,
				175C4194059764A449B5C542 /* LevhaSema */,
			);
			path = Sources;
			sourceTree = "<group>";
		};
		AF08E46FDD2BACBC8E450C6E /* Screens */ = {
			isa = PBXGroup;
			children = (
				A0E116B49B79CE0B5262C231 /* AyarlarView.swift */,
				45F4D6118D8C13D134D6152C /* BugunView.swift */,
				31CB7F04C0D5999C897C24D8 /* EditorView.swift */,
				07E43DE18A1811513A80BEE6 /* IcerikView.swift */,
				2F5DA0EA6C50CE8DEBC5256F /* KitapSayfasiView.swift */,
				0038D202E41636524C234AA0 /* LevhaIntent.swift */,
				AD3A7B37CF15C73C0302EBCA /* LevhaSayfasi.swift */,
				CB02A4F90DF7C1F5FF068CAE /* LevhaSekmesi.swift */,
				C2822FA08B432A896E77C715 /* MiniSinavView.swift */,
				8E32DDBC78C4FDBF667ECC00 /* OlcumSekmesi.swift */,
				D98253F4DA2FF23305BD4055 /* RootView.swift */,
				6F573BAADAD95330AF87E771 /* SoruKirma.swift */,
				4F99F7E86FB66DA117A52AE2 /* SoruSekmesi.swift */,
				099D80DCA2345F9F0063DB78 /* SorView.swift */,
				9DE1BB4F7937E2DC72FAD00D /* Yonlendirici.swift */,
			);
			path = Screens;
			sourceTree = "<group>";
		};
		B1255D5BDB1723B14ED9651D /* LLM */ = {
			isa = PBXGroup;
			children = (
				D36DD5E84B3952EC9E1EB613 /* IstemSablonlari.swift */,
				A4B1FB0662B508079C64037A /* LLMIstemci.swift */,
				22DA18B3EDFBE3B0F6DE3B92 /* OpenAIUyumluIstemci.swift */,
			);
			path = LLM;
			sourceTree = "<group>";
		};
		D318699D81A577F2DAFC0E9A /* LevhaCekirdek */ = {
			isa = PBXGroup;
			children = (
				EAE7AA1D13512B30296E2697 /* IpucuAvi.swift */,
				433AD47340121EC0D6526DCD /* Olcum.swift */,
				DA78747C925C834ED330B051 /* OnDenetim.swift */,
				013FBA3774D2D66BE16E83CC /* SayfaEsleme.swift */,
				778708FB0427FA25ADD7B333 /* SinavHesabi.swift */,
				6B6C1FEBED789128A96986BD /* Zamanlayici.swift */,
			);
			path = LevhaCekirdek;
			sourceTree = "<group>";
		};
		F4C6842CE949873777F05740 /* Ortak */ = {
			isa = PBXGroup;
			children = (
				409DE73E3CB9BED57BFC7016 /* WidgetAnligi.swift */,
			);
			path = Ortak;
			sourceTree = "<group>";
		};
		FDE5FCD9B426B2B7AA4AC950 /* Tools */ = {
			isa = PBXGroup;
			children = (
				2FE4579B9DD7A70061EC1C34 /* levha-lint */,
			);
			path = Tools;
			sourceTree = "<group>";
		};
/* End PBXGroup section */

/* Begin PBXNativeTarget section */
		1CDA4B5DD88A1355C2BD8437 /* Levha */ = {
			isa = PBXNativeTarget;
			buildConfigurationList = 64D1D21582281A8151D54C8B /* Build configuration list for PBXNativeTarget "Levha" */;
			buildPhases = (
				0DDCCEF01E88A3B1975ACB61 /* Sources */,
				A0C7A6B28F3E837C7F55D942 /* Resources */,
				2D53B669914062D5EDFFB69F /* Embed Foundation Extensions */,
			);
			buildRules = (
			);
			dependencies = (
				479F02F9C9BCA08CB0E0B36C /* PBXTargetDependency */,
			);
			name = Levha;
			packageProductDependencies = (
			);
			productName = Levha;
			productReference = DEFB666D6D5A13D20D7B9425 /* Levha.app */;
			productType = "com.apple.product-type.application";
		};
		5E664290B51FA0DCA834D637 /* LevhaWidget */ = {
			isa = PBXNativeTarget;
			buildConfigurationList = 50649712446BFA15119C77BD /* Build configuration list for PBXNativeTarget "LevhaWidget" */;
			buildPhases = (
				0F3287734D4523A5C8478A85 /* Sources */,
			);
			buildRules = (
			);
			dependencies = (
			);
			name = LevhaWidget;
			packageProductDependencies = (
			);
			productName = LevhaWidget;
			productReference = 21F363D4A911AEDCC1AFD2CE /* LevhaWidget.appex */;
			productType = "com.apple.product-type.app-extension";
		};
/* End PBXNativeTarget section */

/* Begin PBXProject section */
		98D499308CECAE04D35D505A /* Project object */ = {
			isa = PBXProject;
			attributes = {
				BuildIndependentTargetsInParallel = YES;
				LastUpgradeCheck = 1430;
				TargetAttributes = {
					1CDA4B5DD88A1355C2BD8437 = {
						ProvisioningStyle = Automatic;
					};
					5E664290B51FA0DCA834D637 = {
						ProvisioningStyle = Automatic;
					};
				};
			};
			buildConfigurationList = 9B07FC5DF9775CCF80B122FF /* Build configuration list for PBXProject "Levha" */;
			developmentRegion = tr;
			hasScannedForEncodings = 0;
			knownRegions = (
				Base,
				tr,
			);
			mainGroup = 06C8C38336D972289F047428;
			minimizedProjectReferenceProxies = 1;
			preferredProjectObjectVersion = 77;
			productRefGroup = 059CE33E9BAB5FF624129FC0 /* Products */;
			projectDirPath = "";
			projectRoot = "";
			targets = (
				1CDA4B5DD88A1355C2BD8437 /* Levha */,
				5E664290B51FA0DCA834D637 /* LevhaWidget */,
			);
		};
/* End PBXProject section */

/* Begin PBXResourcesBuildPhase section */
		A0C7A6B28F3E837C7F55D942 /* Resources */ = {
			isa = PBXResourcesBuildPhase;
			buildActionMask = 2147483647;
			files = (
				F414DB3DA825B5D7C35837C9 /* Assets.xcassets in Resources */,
				57E728F0A20D087DF94A5727 /* ped.gelisim.basamaklar.json in Resources */,
				DBFBBDDABF85CF59D633534A /* ped.genetik.sendromlar.json in Resources */,
				417259EC431D95C34EA14CCD /* ped.kvs.konjenital.json in Resources */,
				8A24682A56DFFCBB485D59D3 /* ped.neo.sarilik.json in Resources */,
				596AA9CEAD5F2D3CB49FBFB1 /* test-sayfa.jpg in Resources */,
			);
			runOnlyForDeploymentPostprocessing = 0;
		};
/* End PBXResourcesBuildPhase section */

/* Begin PBXSourcesBuildPhase section */
		0DDCCEF01E88A3B1975ACB61 /* Sources */ = {
			isa = PBXSourcesBuildPhase;
			buildActionMask = 2147483647;
			files = (
				D3FB2BDEE6FB562ABDB5C90F /* ABDeneyi.swift in Sources */,
				9C50E8C00FD7D35644639805 /* AgacCanvas.swift in Sources */,
				BA5EB838BA319A6505B7639A /* AlgoritmaCanvas.swift in Sources */,
				883D8BE9AE161898B95CB3E6 /* AyarlarView.swift in Sources */,
				13F2208ACD3F92398912DF93 /* BugunView.swift in Sources */,
				FB1C1ECACE872C37FEAC17C1 /* DurumServisi.swift in Sources */,
				BB9DC9CB41F1FA610C1809EA /* EditorView.swift in Sources */,
				E2B20C1A391FF8DB1DE220CC /* Genisletme.swift in Sources */,
				F2BADEDCC7BBE8C729A6C771 /* IcerikView.swift in Sources */,
				F6BD79AB7BABDF9EF9864FC9 /* IpucuAvi.swift in Sources */,
				6EF80E4A37832B2584CE529F /* IstemSablonlari.swift in Sources */,
				37FCDEAF4299A175C2BDD6DE /* KitapSayfasiView.swift in Sources */,
				6D025E65A61E21476AD4284E /* LLMIstemci.swift in Sources */,
				34770AC66A750BF48566BF49 /* LevhaApp.swift in Sources */,
				BFD1692131268E18DBC36BBE /* LevhaIntent.swift in Sources */,
				09EF829A3A1676141CAA6BB8 /* LevhaLint.swift in Sources */,
				F27D94B590330EB76CCEA912 /* LevhaSayfasi.swift in Sources */,
				7B4175F839595F2EC7A7DA59 /* LevhaSekmesi.swift in Sources */,
				754A3CC73267CAB15CDA89AF /* LevhaView.swift in Sources */,
				669A6DA4A6607EF00CF154DE /* MatrisCanvas.swift in Sources */,
				31324DCE698D094743F49A6C /* MetinCanvas.swift in Sources */,
				50B156DC2F4034CFE418B76F /* MiniSinavView.swift in Sources */,
				F2EF42D01F36F5F25976EEFA /* Models.swift in Sources */,
				83AB9BA0B29663CEBB366572 /* MutasyonMotoru.swift in Sources */,
				7E36CE3945EF7D2C78227028 /* Olcum.swift in Sources */,
				FD826B0591B44E3C1D49F37A /* OlcumOzeti.swift in Sources */,
				B054F71E7FDBF7C48B4E3C3B /* OlcumSekmesi.swift in Sources */,
				1569E9EC42A7B49AD2E0C6F0 /* OnDenetim.swift in Sources */,
				B77F455ED5FFBF9E024F6534 /* OpenAIUyumluIstemci.swift in Sources */,
				2983308B0B69A38B605458E2 /* PaketIceAktarici.swift in Sources */,
				F97BF840A622E1FFA96C9AAE /* PaketJSON.swift in Sources */,
				931C01F0D9AD353FE12A7631 /* PaketKlasoru.swift in Sources */,
				D7F8A246FC726D3660B2ADC2 /* RootView.swift in Sources */,
				1A0ADBDDE848DA9B1BD263AD /* SayfaEsleme.swift in Sources */,
				352508771227D68FB0389EE9 /* SayiCetveliCanvas.swift in Sources */,
				CDFC2ABA1DA9470FC73A495A /* SinavAyarlari.swift in Sources */,
				808FB0E6FCE9E3E76B1890CF /* SinavHesabi.swift in Sources */,
				A84D45A0F9D760D391330444 /* SorView.swift in Sources */,
				0648FA3C7634D28C9BFAE727 /* SoruKirma.swift in Sources */,
				2C2CFA00BC13981F0C4238E6 /* SoruSekmesi.swift in Sources */,
				D33539BC10CF53B68D437638 /* TaslakServisi.swift in Sources */,
				3DC4D0A91A82CE27F01A716F /* Tema.swift in Sources */,
				0D9766ED24E340736416D43E /* TurPlanlayici.swift in Sources */,
				88C5D5C74FB9F5BFFE07F2F2 /* VucutHaritasiCanvas.swift in Sources */,
				72F0335B8818D559582DB2F4 /* WidgetAnligi.swift in Sources */,
				68C82C041DDABA30AF7556D7 /* WidgetYazici.swift in Sources */,
				B4AA24829EBAA203D75E5437 /* YedekServisi.swift in Sources */,
				8EBAC27DEAA6A7899017F24B /* YolakCanvas.swift in Sources */,
				F3D94ED479DB1F040E9A649E /* Yonlendirici.swift in Sources */,
				1C202F1EC93C8137B93EFFCC /* YukTesti.swift in Sources */,
				A6036F87446C23A361BF73A2 /* ZamanCizelgesiCanvas.swift in Sources */,
				05D0E8ABA135DFE049D5526E /* Zamanlayici.swift in Sources */,
				90BB7FFCFCC39263C9234EC0 /* ZipArsiv.swift in Sources */,
			);
			runOnlyForDeploymentPostprocessing = 0;
		};
		0F3287734D4523A5C8478A85 /* Sources */ = {
			isa = PBXSourcesBuildPhase;
			buildActionMask = 2147483647;
			files = (
				E15646FE45C798225837AF3B /* LevhaWidget.swift in Sources */,
				680D6DDB8E482071DA34A514 /* WidgetAnligi.swift in Sources */,
			);
			runOnlyForDeploymentPostprocessing = 0;
		};
/* End PBXSourcesBuildPhase section */

/* Begin PBXTargetDependency section */
		479F02F9C9BCA08CB0E0B36C /* PBXTargetDependency */ = {
			isa = PBXTargetDependency;
			target = 5E664290B51FA0DCA834D637 /* LevhaWidget */;
			targetProxy = 24D9F6A82FE5E25C12270B83 /* PBXContainerItemProxy */;
		};
/* End PBXTargetDependency section */

/* Begin XCBuildConfiguration section */
		028D36AB3AD1417D750ED0A6 /* Debug */ = {
			isa = XCBuildConfiguration;
			buildSettings = {
				ASSETCATALOG_COMPILER_APPICON_NAME = AppIcon;
				ASSETCATALOG_COMPILER_GLOBAL_ACCENT_COLOR_NAME = AccentColor;
				CODE_SIGN_ENTITLEMENTS = Levha/Levha.entitlements;
				CODE_SIGN_IDENTITY = "iPhone Developer";
				CODE_SIGN_STYLE = Automatic;
				INFOPLIST_FILE = Levha/Info.plist;
				IPHONEOS_DEPLOYMENT_TARGET = 17.0;
				LD_RUNPATH_SEARCH_PATHS = (
					"$(inherited)",
					"@executable_path/Frameworks",
				);
				PRODUCT_BUNDLE_IDENTIFIER = tr.kisisel.levha;
				PRODUCT_MODULE_NAME = LevhaUygulama;
				PRODUCT_NAME = Levha;
				SDKROOT = iphoneos;
				SUPPORTS_MACCATALYST = NO;
				TARGETED_DEVICE_FAMILY = 1;
			};
			name = Debug;
		};
		0B9371F1C100A0AC1BF0EE4C /* Release */ = {
			isa = XCBuildConfiguration;
			buildSettings = {
				CODE_SIGN_ENTITLEMENTS = LevhaWidget/LevhaWidget.entitlements;
				CODE_SIGN_STYLE = Automatic;
				INFOPLIST_FILE = LevhaWidget/Info.plist;
				IPHONEOS_DEPLOYMENT_TARGET = 17.0;
				LD_RUNPATH_SEARCH_PATHS = "$(inherited) @executable_path/Frameworks @executable_path/../../Frameworks";
				PRODUCT_BUNDLE_IDENTIFIER = tr.kisisel.levha.widget;
				PRODUCT_NAME = LevhaWidget;
				SDKROOT = iphoneos;
				SKIP_INSTALL = YES;
				TARGETED_DEVICE_FAMILY = 1;
			};
			name = Release;
		};
		31B29DA6394C1FA2FC2CCEA5 /* Debug */ = {
			isa = XCBuildConfiguration;
			buildSettings = {
				ALWAYS_SEARCH_USER_PATHS = NO;
				CLANG_ANALYZER_NONNULL = YES;
				CLANG_ANALYZER_NUMBER_OBJECT_CONVERSION = YES_AGGRESSIVE;
				CLANG_CXX_LANGUAGE_STANDARD = "gnu++14";
				CLANG_CXX_LIBRARY = "libc++";
				CLANG_ENABLE_MODULES = YES;
				CLANG_ENABLE_OBJC_ARC = YES;
				CLANG_ENABLE_OBJC_WEAK = YES;
				CLANG_WARN_BLOCK_CAPTURE_AUTORELEASING = YES;
				CLANG_WARN_BOOL_CONVERSION = YES;
				CLANG_WARN_COMMA = YES;
				CLANG_WARN_CONSTANT_CONVERSION = YES;
				CLANG_WARN_DEPRECATED_OBJC_IMPLEMENTATIONS = YES;
				CLANG_WARN_DIRECT_OBJC_ISA_USAGE = YES_ERROR;
				CLANG_WARN_DOCUMENTATION_COMMENTS = YES;
				CLANG_WARN_EMPTY_BODY = YES;
				CLANG_WARN_ENUM_CONVERSION = YES;
				CLANG_WARN_INFINITE_RECURSION = YES;
				CLANG_WARN_INT_CONVERSION = YES;
				CLANG_WARN_NON_LITERAL_NULL_CONVERSION = YES;
				CLANG_WARN_OBJC_IMPLICIT_RETAIN_SELF = YES;
				CLANG_WARN_OBJC_LITERAL_CONVERSION = YES;
				CLANG_WARN_OBJC_ROOT_CLASS = YES_ERROR;
				CLANG_WARN_QUOTED_INCLUDE_IN_FRAMEWORK_HEADER = YES;
				CLANG_WARN_RANGE_LOOP_ANALYSIS = YES;
				CLANG_WARN_STRICT_PROTOTYPES = YES;
				CLANG_WARN_SUSPICIOUS_MOVE = YES;
				CLANG_WARN_UNGUARDED_AVAILABILITY = YES_AGGRESSIVE;
				CLANG_WARN_UNREACHABLE_CODE = YES;
				CLANG_WARN__DUPLICATE_METHOD_MATCH = YES;
				COPY_PHASE_STRIP = NO;
				CURRENT_PROJECT_VERSION = 1;
				DEBUG_INFORMATION_FORMAT = dwarf;
				ENABLE_STRICT_OBJC_MSGSEND = YES;
				ENABLE_TESTABILITY = YES;
				GCC_C_LANGUAGE_STANDARD = gnu11;
				GCC_DYNAMIC_NO_PIC = NO;
				GCC_NO_COMMON_BLOCKS = YES;
				GCC_OPTIMIZATION_LEVEL = 0;
				GCC_PREPROCESSOR_DEFINITIONS = (
					"$(inherited)",
					"DEBUG=1",
				);
				GCC_WARN_64_TO_32_BIT_CONVERSION = YES;
				GCC_WARN_ABOUT_RETURN_TYPE = YES_ERROR;
				GCC_WARN_UNDECLARED_SELECTOR = YES;
				GCC_WARN_UNINITIALIZED_AUTOS = YES_AGGRESSIVE;
				GCC_WARN_UNUSED_FUNCTION = YES;
				GCC_WARN_UNUSED_VARIABLE = YES;
				IPHONEOS_DEPLOYMENT_TARGET = 17.0;
				MARKETING_VERSION = 0.1;
				MTL_ENABLE_DEBUG_INFO = INCLUDE_SOURCE;
				MTL_FAST_MATH = YES;
				ONLY_ACTIVE_ARCH = YES;
				PRODUCT_NAME = "$(TARGET_NAME)";
				SDKROOT = iphoneos;
				SWIFT_ACTIVE_COMPILATION_CONDITIONS = DEBUG;
				SWIFT_OPTIMIZATION_LEVEL = "-Onone";
				SWIFT_VERSION = 5.0;
			};
			name = Debug;
		};
		6B41164C32014C71E266BD3F /* Release */ = {
			isa = XCBuildConfiguration;
			buildSettings = {
				ALWAYS_SEARCH_USER_PATHS = NO;
				CLANG_ANALYZER_NONNULL = YES;
				CLANG_ANALYZER_NUMBER_OBJECT_CONVERSION = YES_AGGRESSIVE;
				CLANG_CXX_LANGUAGE_STANDARD = "gnu++14";
				CLANG_CXX_LIBRARY = "libc++";
				CLANG_ENABLE_MODULES = YES;
				CLANG_ENABLE_OBJC_ARC = YES;
				CLANG_ENABLE_OBJC_WEAK = YES;
				CLANG_WARN_BLOCK_CAPTURE_AUTORELEASING = YES;
				CLANG_WARN_BOOL_CONVERSION = YES;
				CLANG_WARN_COMMA = YES;
				CLANG_WARN_CONSTANT_CONVERSION = YES;
				CLANG_WARN_DEPRECATED_OBJC_IMPLEMENTATIONS = YES;
				CLANG_WARN_DIRECT_OBJC_ISA_USAGE = YES_ERROR;
				CLANG_WARN_DOCUMENTATION_COMMENTS = YES;
				CLANG_WARN_EMPTY_BODY = YES;
				CLANG_WARN_ENUM_CONVERSION = YES;
				CLANG_WARN_INFINITE_RECURSION = YES;
				CLANG_WARN_INT_CONVERSION = YES;
				CLANG_WARN_NON_LITERAL_NULL_CONVERSION = YES;
				CLANG_WARN_OBJC_IMPLICIT_RETAIN_SELF = YES;
				CLANG_WARN_OBJC_LITERAL_CONVERSION = YES;
				CLANG_WARN_OBJC_ROOT_CLASS = YES_ERROR;
				CLANG_WARN_QUOTED_INCLUDE_IN_FRAMEWORK_HEADER = YES;
				CLANG_WARN_RANGE_LOOP_ANALYSIS = YES;
				CLANG_WARN_STRICT_PROTOTYPES = YES;
				CLANG_WARN_SUSPICIOUS_MOVE = YES;
				CLANG_WARN_UNGUARDED_AVAILABILITY = YES_AGGRESSIVE;
				CLANG_WARN_UNREACHABLE_CODE = YES;
				CLANG_WARN__DUPLICATE_METHOD_MATCH = YES;
				COPY_PHASE_STRIP = NO;
				CURRENT_PROJECT_VERSION = 1;
				DEBUG_INFORMATION_FORMAT = "dwarf-with-dsym";
				ENABLE_NS_ASSERTIONS = NO;
				ENABLE_STRICT_OBJC_MSGSEND = YES;
				GCC_C_LANGUAGE_STANDARD = gnu11;
				GCC_NO_COMMON_BLOCKS = YES;
				GCC_WARN_64_TO_32_BIT_CONVERSION = YES;
				GCC_WARN_ABOUT_RETURN_TYPE = YES_ERROR;
				GCC_WARN_UNDECLARED_SELECTOR = YES;
				GCC_WARN_UNINITIALIZED_AUTOS = YES_AGGRESSIVE;
				GCC_WARN_UNUSED_FUNCTION = YES;
				GCC_WARN_UNUSED_VARIABLE = YES;
				IPHONEOS_DEPLOYMENT_TARGET = 17.0;
				MARKETING_VERSION = 0.1;
				MTL_ENABLE_DEBUG_INFO = NO;
				MTL_FAST_MATH = YES;
				PRODUCT_NAME = "$(TARGET_NAME)";
				SDKROOT = iphoneos;
				SWIFT_COMPILATION_MODE = wholemodule;
				SWIFT_OPTIMIZATION_LEVEL = "-O";
				SWIFT_VERSION = 5.0;
			};
			name = Release;
		};
		D61D93E5FE28BEFC25E19BB5 /* Debug */ = {
			isa = XCBuildConfiguration;
			buildSettings = {
				CODE_SIGN_ENTITLEMENTS = LevhaWidget/LevhaWidget.entitlements;
				CODE_SIGN_STYLE = Automatic;
				INFOPLIST_FILE = LevhaWidget/Info.plist;
				IPHONEOS_DEPLOYMENT_TARGET = 17.0;
				LD_RUNPATH_SEARCH_PATHS = "$(inherited) @executable_path/Frameworks @executable_path/../../Frameworks";
				PRODUCT_BUNDLE_IDENTIFIER = tr.kisisel.levha.widget;
				PRODUCT_NAME = LevhaWidget;
				SDKROOT = iphoneos;
				SKIP_INSTALL = YES;
				TARGETED_DEVICE_FAMILY = 1;
			};
			name = Debug;
		};
		EFF200F72A8AC29C4D657F7B /* Release */ = {
			isa = XCBuildConfiguration;
			buildSettings = {
				ASSETCATALOG_COMPILER_APPICON_NAME = AppIcon;
				ASSETCATALOG_COMPILER_GLOBAL_ACCENT_COLOR_NAME = AccentColor;
				CODE_SIGN_ENTITLEMENTS = Levha/Levha.entitlements;
				CODE_SIGN_IDENTITY = "iPhone Developer";
				CODE_SIGN_STYLE = Automatic;
				INFOPLIST_FILE = Levha/Info.plist;
				IPHONEOS_DEPLOYMENT_TARGET = 17.0;
				LD_RUNPATH_SEARCH_PATHS = (
					"$(inherited)",
					"@executable_path/Frameworks",
				);
				PRODUCT_BUNDLE_IDENTIFIER = tr.kisisel.levha;
				PRODUCT_MODULE_NAME = LevhaUygulama;
				PRODUCT_NAME = Levha;
				SDKROOT = iphoneos;
				SUPPORTS_MACCATALYST = NO;
				TARGETED_DEVICE_FAMILY = 1;
			};
			name = Release;
		};
/* End XCBuildConfiguration section */

/* Begin XCConfigurationList section */
		50649712446BFA15119C77BD /* Build configuration list for PBXNativeTarget "LevhaWidget" */ = {
			isa = XCConfigurationList;
			buildConfigurations = (
				D61D93E5FE28BEFC25E19BB5 /* Debug */,
				0B9371F1C100A0AC1BF0EE4C /* Release */,
			);
			defaultConfigurationIsVisible = 0;
			defaultConfigurationName = Debug;
		};
		64D1D21582281A8151D54C8B /* Build configuration list for PBXNativeTarget "Levha" */ = {
			isa = XCConfigurationList;
			buildConfigurations = (
				028D36AB3AD1417D750ED0A6 /* Debug */,
				EFF200F72A8AC29C4D657F7B /* Release */,
			);
			defaultConfigurationIsVisible = 0;
			defaultConfigurationName = Debug;
		};
		9B07FC5DF9775CCF80B122FF /* Build configuration list for PBXProject "Levha" */ = {
			isa = XCConfigurationList;
			buildConfigurations = (
				31B29DA6394C1FA2FC2CCEA5 /* Debug */,
				6B41164C32014C71E266BD3F /* Release */,
			);
			defaultConfigurationIsVisible = 0;
			defaultConfigurationName = Debug;
		};
/* End XCConfigurationList section */
	};
	rootObject = 98D499308CECAE04D35D505A /* Project object */;
}
